
Microsoft Visual Studio Solution File, Format Version 12.00
# Visual Studio Version 17
VisualStudioVersion = 17.0.31903.59
MinimumVisualStudioVersion = 10.0.40219.1
Project("{930C7802-8A8C-48F9-8165-68863BCCD9DD}") = "Installer", "Installer\Installer.wixproj", "{99FDEB65-C057-4AAA-8CC8-30B17603C489}"
EndProject
Project("{FAE04EC0-301F-11D3-BF4B-00C04F79EFBC}") = "App", "App\App.csproj", "{6C0F928A-B28D-D207-D239-598F22CCD0B7}"
EndProject
Global
	GlobalSection(SolutionConfigurationPlatforms) = preSolution
		Debug|Any CPU = Debug|Any CPU
		Release|Any CPU = Release|Any CPU
	EndGlobalSection
	GlobalSection(SolutionProperties) = preSolution
		HideSolutionNode = FALSE
	EndGlobalSection
	GlobalSection(ProjectConfigurationPlatforms) = postSolution
		{A588754F-1362-4AE0-9277-082A1B588D90}.Debug|Any CPU.ActiveCfg = Debug|Any CPU
		{A588754F-1362-4AE0-9277-082A1B588D90}.Debug|Any CPU.Build.0 = Debug|Any CPU
		{A588754F-1362-4AE0-9277-082A1B588D90}.Release|Any CPU.ActiveCfg = Release|Any CPU
		{A588754F-1362-4AE0-9277-082A1B588D90}.Release|Any CPU.Build.0 = Release|Any CPU
	EndGlobalSection
EndGlobal
